
Microsoft Visual Studio Solution File, Format Version 12.00
# Visual Studio 2012
Project("{FAE04EC0-301F-11D3-BF4B-00C04F79EFBC}") = "AppTextBox3", "AppTextBox3\AppTextBox3.csproj", "{F61F04C4-ABB7-444E-A7CE-A2EE13280E15}"
EndProject
Global
	GlobalSection(SolutionConfigurationPlatforms) = preSolution
		Debug|Any CPU = Debug|Any CPU
		Release|Any CPU = Release|Any CPU
	EndGlobalSection
	GlobalSection(ProjectConfigurationPlatforms) = postSolution
		{F61F04C4-ABB7-444E-A7CE-A2EE13280E15}.Debug|Any CPU.ActiveCfg = Debug|Any CPU
		{F61F04C4-ABB7-444E-A7CE-A2EE13280E15}.Debug|Any CPU.Build.0 = Debug|Any CPU
		{F61F04C4-ABB7-444E-A7CE-A2EE13280E15}.Release|Any CPU.ActiveCfg = Release|Any CPU
		{F61F04C4-ABB7-444E-A7CE-A2EE13280E15}.Release|Any CPU.Build.0 = Release|Any CPU
	EndGlobalSection
	GlobalSection(SolutionProperties) = preSolution
		HideSolutionNode = FALSE
	EndGlobalSection
EndGlobal
